// !$*UTF8*$!
{
	archiveVersion = 1;
	classes = {
	};
	objectVersion = 46;
	objects = {

/* Begin PBXBuildFile section */
		100132381E8C7AC600CB2B81 /* bgm.mp3 in Resources */ = {isa = PBXBuildFile; fileRef = 100132371E8C7AC600CB2B81 /* bgm.mp3 */; };
		1001323C1E90CF9F00CB2B81 /* shot.mp3 in Resources */ = {isa = PBXBuildFile; fileRef = 1001323B1E90CF9F00CB2B81 /* shot.mp3 */; };
		100797E81EC41B66003491A8 /* trophy.png in Resources */ = {isa = PBXBuildFile; fileRef = 100797E71EC41B66003491A8 /* trophy.png */; };
		100797EA1EC41BC0003491A8 /* arrows.png in Resources */ = {isa = PBXBuildFile; fileRef = 100797E91EC41BC0003491A8 /* arrows.png */; };
		1010A3021EB0E97A00DECEED /* Draw.mp3 in Resources */ = {isa = PBXBuildFile; fileRef = 1010A3011EB0E97A00DECEED /* Draw.mp3 */; };
		103242BF1ED3FF0600299726 /* twitterShare.png in Resources */ = {isa = PBXBuildFile; fileRef = 103242BE1ED3FF0600299726 /* twitterShare.png */; };
		1044B3B51E82D89F00918F38 /* icon-messages-app-27x20@1x.png in Resources */ = {isa = PBXBuildFile; fileRef = 1044B3851E82D89F00918F38 /* icon-messages-app-27x20@1x.png */; };
		1044B3B61E82D89F00918F38 /* icon-messages-app-27x20@2x.png in Resources */ = {isa = PBXBuildFile; fileRef = 1044B3861E82D89F00918F38 /* icon-messages-app-27x20@2x.png */; };
		1044B3B71E82D89F00918F38 /* icon-messages-app-27x20@3x.png in Resources */ = {isa = PBXBuildFile; fileRef = 1044B3871E82D89F00918F38 /* icon-messages-app-27x20@3x.png */; };
		1044B3B81E82D89F00918F38 /* icon-messages-app-iPadAir-67x50@2x.png in Resources */ = {isa = PBXBuildFile; fileRef = 1044B3881E82D89F00918F38 /* icon-messages-app-iPadAir-67x50@2x.png */; };
		1044B3B91E82D89F00918F38 /* icon-messages-app-iPadAir-74x55@2x.png in Resources */ = {isa = PBXBuildFile; fileRef = 1044B3891E82D89F00918F38 /* icon-messages-app-iPadAir-74x55@2x.png */; };
		1044B3BA1E82D89F00918F38 /* icon-messages-app-iPhone-60x45@1x.png in Resources */ = {isa = PBXBuildFile; fileRef = 1044B38A1E82D89F00918F38 /* icon-messages-app-iPhone-60x45@1x.png */; };
		1044B3BB1E82D89F00918F38 /* icon-messages-app-iPhone-60x45@2x.png in Resources */ = {isa = PBXBuildFile; fileRef = 1044B38B1E82D89F00918F38 /* icon-messages-app-iPhone-60x45@2x.png */; };
		1044B3BC1E82D89F00918F38 /* icon-messages-app-iPhone-60x45@3x.png in Resources */ = {isa = PBXBuildFile; fileRef = 1044B38C1E82D89F00918F38 /* icon-messages-app-iPhone-60x45@3x.png */; };
		1044B3BD1E82D89F00918F38 /* icon-messages-app-store-1024x768.png in Resources */ = {isa = PBXBuildFile; fileRef = 1044B38D1E82D89F00918F38 /* icon-messages-app-store-1024x768.png */; };
		1044B3BE1E82D89F00918F38 /* icon-messages-transcript-32x24@1x.png in Resources */ = {isa = PBXBuildFile; fileRef = 1044B38E1E82D89F00918F38 /* icon-messages-transcript-32x24@1x.png */; };
		1044B3BF1E82D89F00918F38 /* icon-messages-transcript-32x24@2x.png in Resources */ = {isa = PBXBuildFile; fileRef = 1044B38F1E82D89F00918F38 /* icon-messages-transcript-32x24@2x.png */; };
		1044B3C01E82D89F00918F38 /* icon-messages-transcript-32x24@3x.png in Resources */ = {isa = PBXBuildFile; fileRef = 1044B3901E82D89F00918F38 /* icon-messages-transcript-32x24@3x.png */; };
		1044B3C11E82D89F00918F38 /* Contents.json in Resources */ = {isa = PBXBuildFile; fileRef = 1044B3931E82D89F00918F38 /* Contents.json */; };
		1044B3C21E82D89F00918F38 /* Icon-App-20x20@1x.png in Resources */ = {isa = PBXBuildFile; fileRef = 1044B3941E82D89F00918F38 /* Icon-App-20x20@1x.png */; };
		1044B3C31E82D89F00918F38 /* Icon-App-20x20@2x.png in Resources */ = {isa = PBXBuildFile; fileRef = 1044B3951E82D89F00918F38 /* Icon-App-20x20@2x.png */; };
		1044B3C41E82D89F00918F38 /* Icon-App-20x20@3x.png in Resources */ = {isa = PBXBuildFile; fileRef = 1044B3961E82D89F00918F38 /* Icon-App-20x20@3x.png */; };
		1044B3C51E82D89F00918F38 /* Icon-App-29x29@1x.png in Resources */ = {isa = PBXBuildFile; fileRef = 1044B3971E82D89F00918F38 /* Icon-App-29x29@1x.png */; };
		1044B3C61E82D89F00918F38 /* Icon-App-29x29@2x.png in Resources */ = {isa = PBXBuildFile; fileRef = 1044B3981E82D89F00918F38 /* Icon-App-29x29@2x.png */; };
		1044B3C71E82D89F00918F38 /* Icon-App-29x29@3x.png in Resources */ = {isa = PBXBuildFile; fileRef = 1044B3991E82D89F00918F38 /* Icon-App-29x29@3x.png */; };
		1044B3C81E82D89F00918F38 /* Icon-App-40x40@1x.png in Resources */ = {isa = PBXBuildFile; fileRef = 1044B39A1E82D89F00918F38 /* Icon-App-40x40@1x.png */; };
		1044B3C91E82D89F00918F38 /* Icon-App-40x40@2x.png in Resources */ = {isa = PBXBuildFile; fileRef = 1044B39B1E82D89F00918F38 /* Icon-App-40x40@2x.png */; };
		1044B3CA1E82D89F00918F38 /* Icon-App-40x40@3x.png in Resources */ = {isa = PBXBuildFile; fileRef = 1044B39C1E82D89F00918F38 /* Icon-App-40x40@3x.png */; };
		1044B3CB1E82D89F00918F38 /* Icon-App-57x57@1x.png in Resources */ = {isa = PBXBuildFile; fileRef = 1044B39D1E82D89F00918F38 /* Icon-App-57x57@1x.png */; };
		1044B3CC1E82D89F00918F38 /* Icon-App-57x57@2x.png in Resources */ = {isa = PBXBuildFile; fileRef = 1044B39E1E82D89F00918F38 /* Icon-App-57x57@2x.png */; };
		1044B3CD1E82D89F00918F38 /* Icon-App-60x60@1x.png in Resources */ = {isa = PBXBuildFile; fileRef = 1044B39F1E82D89F00918F38 /* Icon-App-60x60@1x.png */; };
		1044B3CE1E82D89F00918F38 /* Icon-App-60x60@2x.png in Resources */ = {isa = PBXBuildFile; fileRef = 1044B3A01E82D89F00918F38 /* Icon-App-60x60@2x.png */; };
		1044B3CF1E82D89F00918F38 /* Icon-App-60x60@3x.png in Resources */ = {isa = PBXBuildFile; fileRef = 1044B3A11E82D89F00918F38 /* Icon-App-60x60@3x.png */; };
		1044B3D01E82D89F00918F38 /* Icon-App-72x72@1x.png in Resources */ = {isa = PBXBuildFile; fileRef = 1044B3A21E82D89F00918F38 /* Icon-App-72x72@1x.png */; };
		1044B3D11E82D89F00918F38 /* Icon-App-72x72@2x.png in Resources */ = {isa = PBXBuildFile; fileRef = 1044B3A31E82D89F00918F38 /* Icon-App-72x72@2x.png */; };
		1044B3D21E82D89F00918F38 /* Icon-App-76x76@1x.png in Resources */ = {isa = PBXBuildFile; fileRef = 1044B3A41E82D89F00918F38 /* Icon-App-76x76@1x.png */; };
		1044B3D31E82D89F00918F38 /* Icon-App-76x76@2x.png in Resources */ = {isa = PBXBuildFile; fileRef = 1044B3A51E82D89F00918F38 /* Icon-App-76x76@2x.png */; };
		1044B3D41E82D89F00918F38 /* Icon-App-76x76@3x.png in Resources */ = {isa = PBXBuildFile; fileRef = 1044B3A61E82D89F00918F38 /* Icon-App-76x76@3x.png */; };
		1044B3D51E82D89F00918F38 /* Icon-App-83.5x83.5@2x.png in Resources */ = {isa = PBXBuildFile; fileRef = 1044B3A71E82D89F00918F38 /* Icon-App-83.5x83.5@2x.png */; };
		1044B3D61E82D89F00918F38 /* Icon-Small-50x50@1x.png in Resources */ = {isa = PBXBuildFile; fileRef = 1044B3A81E82D89F00918F38 /* Icon-Small-50x50@1x.png */; };
		1044B3D71E82D89F00918F38 /* Icon-Small-50x50@2x.png in Resources */ = {isa = PBXBuildFile; fileRef = 1044B3A91E82D89F00918F38 /* Icon-Small-50x50@2x.png */; };
		1044B3D81E82D89F00918F38 /* iTunesArtwork@1x.png in Resources */ = {isa = PBXBuildFile; fileRef = 1044B3AA1E82D89F00918F38 /* iTunesArtwork@1x.png */; };
		1044B3D91E82D89F00918F38 /* iTunesArtwork@2x.png in Resources */ = {isa = PBXBuildFile; fileRef = 1044B3AB1E82D89F00918F38 /* iTunesArtwork@2x.png */; };
		1044B3DA1E82D89F00918F38 /* iTunesArtwork@3x.png in Resources */ = {isa = PBXBuildFile; fileRef = 1044B3AC1E82D89F00918F38 /* iTunesArtwork@3x.png */; };
		1044B3DB1E82D89F00918F38 /* README.md in Sources */ = {isa = PBXBuildFile; fileRef = 1044B3AD1E82D89F00918F38 /* README.md */; };
		1044B3DE1E834FCC00918F38 /* FindDuelButton.png in Resources */ = {isa = PBXBuildFile; fileRef = 1044B3DD1E834FCC00918F38 /* FindDuelButton.png */; };
		1044B3DF1E83519400918F38 /* Saddlebag.ttf in Resources */ = {isa = PBXBuildFile; fileRef = 1044B3DC1E834CF200918F38 /* Saddlebag.ttf */; };
		105CE2151E7A4D8B00FF031C /* AppDelegate.swift in Sources */ = {isa = PBXBuildFile; fileRef = 105CE2141E7A4D8B00FF031C /* AppDelegate.swift */; };
		105CE2201E7A4D8C00FF031C /* Main.storyboard in Resources */ = {isa = PBXBuildFile; fileRef = 105CE21E1E7A4D8C00FF031C /* Main.storyboard */; };
		105CE2221E7A4D8C00FF031C /* Assets.xcassets in Resources */ = {isa = PBXBuildFile; fileRef = 105CE2211E7A4D8C00FF031C /* Assets.xcassets */; };
		105CE2251E7A4D8C00FF031C /* LaunchScreen.storyboard in Resources */ = {isa = PBXBuildFile; fileRef = 105CE2231E7A4D8C00FF031C /* LaunchScreen.storyboard */; };
		105CE2301E7A4D8C00FF031C /* DuelTests.swift in Sources */ = {isa = PBXBuildFile; fileRef = 105CE22F1E7A4D8C00FF031C /* DuelTests.swift */; };
		105CE23B1E7A4D8C00FF031C /* DuelUITests.swift in Sources */ = {isa = PBXBuildFile; fileRef = 105CE23A1E7A4D8C00FF031C /* DuelUITests.swift */; };
		105CE2491E7A54E000FF031C /* ViewController.swift in Sources */ = {isa = PBXBuildFile; fileRef = 105CE2481E7A54E000FF031C /* ViewController.swift */; };
		105CE24B1E7A54ED00FF031C /* DuelViewController.swift in Sources */ = {isa = PBXBuildFile; fileRef = 105CE24A1E7A54ED00FF031C /* DuelViewController.swift */; };
		105CE24D1E7A552000FF031C /* unownstudioslogo.png in Resources */ = {isa = PBXBuildFile; fileRef = 105CE24C1E7A552000FF031C /* unownstudioslogo.png */; };
		105CE24F1E7FA16900FF031C /* FindDuelViewController.swift in Sources */ = {isa = PBXBuildFile; fileRef = 105CE24E1E7FA16900FF031C /* FindDuelViewController.swift */; };
		106A22E41E8175F800AB93E8 /* MPCManager.swift in Sources */ = {isa = PBXBuildFile; fileRef = 106A22E31E8175F800AB93E8 /* MPCManager.swift */; };
		10A4FF0E1ECBFC5600E2594E /* GoogleMobileAds.framework in Frameworks */ = {isa = PBXBuildFile; fileRef = 10A4FF0D1ECBFC5600E2594E /* GoogleMobileAds.framework */; };
		10A4FF101ECBFC8100E2594E /* GoogleService-Info.plist in Resources */ = {isa = PBXBuildFile; fileRef = 10A4FF0F1ECBFC8100E2594E /* GoogleService-Info.plist */; };
/* End PBXBuildFile section */

/* Begin PBXContainerItemProxy section */
		105CE22C1E7A4D8C00FF031C /* PBXContainerItemProxy */ = {
			isa = PBXContainerItemProxy;
			containerPortal = 105CE2091E7A4D8B00FF031C /* Project object */;
			proxyType = 1;
			remoteGlobalIDString = 105CE2101E7A4D8B00FF031C;
			remoteInfo = Duel;
		};
		105CE2371E7A4D8C00FF031C /* PBXContainerItemProxy */ = {
			isa = PBXContainerItemProxy;
			containerPortal = 105CE2091E7A4D8B00FF031C /* Project object */;
			proxyType = 1;
			remoteGlobalIDString = 105CE2101E7A4D8B00FF031C;
			remoteInfo = Duel;
		};
/* End PBXContainerItemProxy section */

/* Begin PBXFileReference section */
		100132371E8C7AC600CB2B81 /* bgm.mp3 */ = {isa = PBXFileReference; lastKnownFileType = audio.mp3; path = bgm.mp3; sourceTree = "<group>"; };
		1001323B1E90CF9F00CB2B81 /* shot.mp3 */ = {isa = PBXFileReference; lastKnownFileType = audio.mp3; path = shot.mp3; sourceTree = "<group>"; };
		100797E71EC41B66003491A8 /* trophy.png */ = {isa = PBXFileReference; lastKnownFileType = image.png; name = trophy.png; path = DuelUITests/trophy.png; sourceTree = "<group>"; };
		100797E91EC41BC0003491A8 /* arrows.png */ = {isa = PBXFileReference; lastKnownFileType = image.png; path = arrows.png; sourceTree = "<group>"; };
		1010A3011EB0E97A00DECEED /* Draw.mp3 */ = {isa = PBXFileReference; lastKnownFileType = audio.mp3; path = Draw.mp3; sourceTree = "<group>"; };
		103242BE1ED3FF0600299726 /* twitterShare.png */ = {isa = PBXFileReference; lastKnownFileType = image.png; path = twitterShare.png; sourceTree = "<group>"; };
		1044B3851E82D89F00918F38 /* icon-messages-app-27x20@1x.png */ = {isa = PBXFileReference; lastKnownFileType = image.png; path = "icon-messages-app-27x20@1x.png"; sourceTree = "<group>"; };
		1044B3861E82D89F00918F38 /* icon-messages-app-27x20@2x.png */ = {isa = PBXFileReference; lastKnownFileType = image.png; path = "icon-messages-app-27x20@2x.png"; sourceTree = "<group>"; };
		1044B3871E82D89F00918F38 /* icon-messages-app-27x20@3x.png */ = {isa = PBXFileReference; lastKnownFileType = image.png; path = "icon-messages-app-27x20@3x.png"; sourceTree = "<group>"; };
		1044B3881E82D89F00918F38 /* icon-messages-app-iPadAir-67x50@2x.png */ = {isa = PBXFileReference; lastKnownFileType = image.png; path = "icon-messages-app-iPadAir-67x50@2x.png"; sourceTree = "<group>"; };
		1044B3891E82D89F00918F38 /* icon-messages-app-iPadAir-74x55@2x.png */ = {isa = PBXFileReference; lastKnownFileType = image.png; path = "icon-messages-app-iPadAir-74x55@2x.png"; sourceTree = "<group>"; };
		1044B38A1E82D89F00918F38 /* icon-messages-app-iPhone-60x45@1x.png */ = {isa = PBXFileReference; lastKnownFileType = image.png; path = "icon-messages-app-iPhone-60x45@1x.png"; sourceTree = "<group>"; };
		1044B38B1E82D89F00918F38 /* icon-messages-app-iPhone-60x45@2x.png */ = {isa = PBXFileReference; lastKnownFileType = image.png; path = "icon-messages-app-iPhone-60x45@2x.png"; sourceTree = "<group>"; };
		1044B38C1E82D89F00918F38 /* icon-messages-app-iPhone-60x45@3x.png */ = {isa = PBXFileReference; lastKnownFileType = image.png; path = "icon-messages-app-iPhone-60x45@3x.png"; sourceTree = "<group>"; };
		1044B38D1E82D89F00918F38 /* icon-messages-app-store-1024x768.png */ = {isa = PBXFileReference; lastKnownFileType = image.png; path = "icon-messages-app-store-1024x768.png"; sourceTree = "<group>"; };
		1044B38E1E82D89F00918F38 /* icon-messages-transcript-32x24@1x.png */ = {isa = PBXFileReference; lastKnownFileType = image.png; path = "icon-messages-transcript-32x24@1x.png"; sourceTree = "<group>"; };
		1044B38F1E82D89F00918F38 /* icon-messages-transcript-32x24@2x.png */ = {isa = PBXFileReference; lastKnownFileType = image.png; path = "icon-messages-transcript-32x24@2x.png"; sourceTree = "<group>"; };
		1044B3901E82D89F00918F38 /* icon-messages-transcript-32x24@3x.png */ = {isa = PBXFileReference; lastKnownFileType = image.png; path = "icon-messages-transcript-32x24@3x.png"; sourceTree = "<group>"; };
		1044B3931E82D89F00918F38 /* Contents.json */ = {isa = PBXFileReference; fileEncoding = 4; lastKnownFileType = text.json; path = Contents.json; sourceTree = "<group>"; };
		1044B3941E82D89F00918F38 /* Icon-App-20x20@1x.png */ = {isa = PBXFileReference; lastKnownFileType = image.png; path = "Icon-App-20x20@1x.png"; sourceTree = "<group>"; };
		1044B3951E82D89F00918F38 /* Icon-App-20x20@2x.png */ = {isa = PBXFileReference; lastKnownFileType = image.png; path = "Icon-App-20x20@2x.png"; sourceTree = "<group>"; };
		1044B3961E82D89F00918F38 /* Icon-App-20x20@3x.png */ = {isa = PBXFileReference; lastKnownFileType = image.png; path = "Icon-App-20x20@3x.png"; sourceTree = "<group>"; };
		1044B3971E82D89F00918F38 /* Icon-App-29x29@1x.png */ = {isa = PBXFileReference; lastKnownFileType = image.png; path = "Icon-App-29x29@1x.png"; sourceTree = "<group>"; };
		1044B3981E82D89F00918F38 /* Icon-App-29x29@2x.png */ = {isa = PBXFileReference; lastKnownFileType = image.png; path = "Icon-App-29x29@2x.png"; sourceTree = "<group>"; };
		1044B3991E82D89F00918F38 /* Icon-App-29x29@3x.png */ = {isa = PBXFileReference; lastKnownFileType = image.png; path = "Icon-App-29x29@3x.png"; sourceTree = "<group>"; };
		1044B39A1E82D89F00918F38 /* Icon-App-40x40@1x.png */ = {isa = PBXFileReference; lastKnownFileType = image.png; path = "Icon-App-40x40@1x.png"; sourceTree = "<group>"; };
		1044B39B1E82D89F00918F38 /* Icon-App-40x40@2x.png */ = {isa = PBXFileReference; lastKnownFileType = image.png; path = "Icon-App-40x40@2x.png"; sourceTree = "<group>"; };
		1044B39C1E82D89F00918F38 /* Icon-App-40x40@3x.png */ = {isa = PBXFileReference; lastKnownFileType = image.png; path = "Icon-App-40x40@3x.png"; sourceTree = "<group>"; };
		1044B39D1E82D89F00918F38 /* Icon-App-57x57@1x.png */ = {isa = PBXFileReference; lastKnownFileType = image.png; path = "Icon-App-57x57@1x.png"; sourceTree = "<group>"; };
		1044B39E1E82D89F00918F38 /* Icon-App-57x57@2x.png */ = {isa = PBXFileReference; lastKnownFileType = image.png; path = "Icon-App-57x57@2x.png"; sourceTree = "<group>"; };
		1044B39F1E82D89F00918F38 /* Icon-App-60x60@1x.png */ = {isa = PBXFileReference; lastKnownFileType = image.png; path = "Icon-App-60x60@1x.png"; sourceTree = "<group>"; };
		1044B3A01E82D89F00918F38 /* Icon-App-60x60@2x.png */ = {isa = PBXFileReference; lastKnownFileType = image.png; path = "Icon-App-60x60@2x.png"; sourceTree = "<group>"; };
		1044B3A11E82D89F00918F38 /* Icon-App-60x60@3x.png */ = {isa = PBXFileReference; lastKnownFileType = image.png; path = "Icon-App-60x60@3x.png"; sourceTree = "<group>"; };
		1044B3A21E82D89F00918F38 /* Icon-App-72x72@1x.png */ = {isa = PBXFileReference; lastKnownFileType = image.png; path = "Icon-App-72x72@1x.png"; sourceTree = "<group>"; };
		1044B3A31E82D89F00918F38 /* Icon-App-72x72@2x.png */ = {isa = PBXFileReference; lastKnownFileType = image.png; path = "Icon-App-72x72@2x.png"; sourceTree = "<group>"; };
		1044B3A41E82D89F00918F38 /* Icon-App-76x76@1x.png */ = {isa = PBXFileReference; lastKnownFileType = image.png; path = "Icon-App-76x76@1x.png"; sourceTree = "<group>"; };
		1044B3A51E82D89F00918F38 /* Icon-App-76x76@2x.png */ = {isa = PBXFileReference; lastKnownFileType = image.png; path = "Icon-App-76x76@2x.png"; sourceTree = "<group>"; };
		1044B3A61E82D89F00918F38 /* Icon-App-76x76@3x.png */ = {isa = PBXFileReference; lastKnownFileType = image.png; path = "Icon-App-76x76@3x.png"; sourceTree = "<group>"; };
		1044B3A71E82D89F00918F38 /* Icon-App-83.5x83.5@2x.png */ = {isa = PBXFileReference; lastKnownFileType = image.png; path = "Icon-App-83.5x83.5@2x.png"; sourceTree = "<group>"; };
		1044B3A81E82D89F00918F38 /* Icon-Small-50x50@1x.png */ = {isa = PBXFileReference; lastKnownFileType = image.png; path = "Icon-Small-50x50@1x.png"; sourceTree = "<group>"; };
		1044B3A91E82D89F00918F38 /* Icon-Small-50x50@2x.png */ = {isa = PBXFileReference; lastKnownFileType = image.png; path = "Icon-Small-50x50@2x.png"; sourceTree = "<group>"; };
		1044B3AA1E82D89F00918F38 /* iTunesArtwork@1x.png */ = {isa = PBXFileReference; lastKnownFileType = image.png; path = "iTunesArtwork@1x.png"; sourceTree = "<group>"; };
		1044B3AB1E82D89F00918F38 /* iTunesArtwork@2x.png */ = {isa = PBXFileReference; lastKnownFileType = image.png; path = "iTunesArtwork@2x.png"; sourceTree = "<group>"; };
		1044B3AC1E82D89F00918F38 /* iTunesArtwork@3x.png */ = {isa = PBXFileReference; lastKnownFileType = image.png; path = "iTunesArtwork@3x.png"; sourceTree = "<group>"; };
		1044B3AD1E82D89F00918F38 /* README.md */ = {isa = PBXFileReference; fileEncoding = 4; lastKnownFileType = net.daringfireball.markdown; path = README.md; sourceTree = "<group>"; };
		1044B3DC1E834CF200918F38 /* Saddlebag.ttf */ = {isa = PBXFileReference; lastKnownFileType = file; name = Saddlebag.ttf; path = ../Saddlebag.ttf; sourceTree = "<group>"; };
		1044B3DD1E834FCC00918F38 /* FindDuelButton.png */ = {isa = PBXFileReference; lastKnownFileType = image.png; path = FindDuelButton.png; sourceTree = "<group>"; };
		105CE2111E7A4D8B00FF031C /* Square Up.app */ = {isa = PBXFileReference; explicitFileType = wrapper.application; includeInIndex = 0; path = "Square Up.app"; sourceTree = BUILT_PRODUCTS_DIR; };
		105CE2141E7A4D8B00FF031C /* AppDelegate.swift */ = {isa = PBXFileReference; lastKnownFileType = sourcecode.swift; path = AppDelegate.swift; sourceTree = "<group>"; };
		105CE21F1E7A4D8C00FF031C /* Base */ = {isa = PBXFileReference; lastKnownFileType = file.storyboard; name = Base; path = Base.lproj/Main.storyboard; sourceTree = "<group>"; };
		105CE2211E7A4D8C00FF031C /* Assets.xcassets */ = {isa = PBXFileReference; lastKnownFileType = folder.assetcatalog; path = Assets.xcassets; sourceTree = "<group>"; };
		105CE2241E7A4D8C00FF031C /* Base */ = {isa = PBXFileReference; lastKnownFileType = file.storyboard; name = Base; path = Base.lproj/LaunchScreen.storyboard; sourceTree = "<group>"; };
		105CE2261E7A4D8C00FF031C /* Info.plist */ = {isa = PBXFileReference; lastKnownFileType = text.plist.xml; path = Info.plist; sourceTree = "<group>"; };
		105CE22B1E7A4D8C00FF031C /* Square UpTests.xctest */ = {isa = PBXFileReference; explicitFileType = wrapper.cfbundle; includeInIndex = 0; path = "Square UpTests.xctest"; sourceTree = BUILT_PRODUCTS_DIR; };
		105CE22F1E7A4D8C00FF031C /* DuelTests.swift */ = {isa = PBXFileReference; lastKnownFileType = sourcecode.swift; path = DuelTests.swift; sourceTree = "<group>"; };
		105CE2311E7A4D8C00FF031C /* Info.plist */ = {isa = PBXFileReference; lastKnownFileType = text.plist.xml; path = Info.plist; sourceTree = "<group>"; };
		105CE2361E7A4D8C00FF031C /* Square UpUITests.xctest */ = {isa = PBXFileReference; explicitFileType = wrapper.cfbundle; includeInIndex = 0; path = "Square UpUITests.xctest"; sourceTree = BUILT_PRODUCTS_DIR; };
		105CE23A1E7A4D8C00FF031C /* DuelUITests.swift */ = {isa = PBXFileReference; lastKnownFileType = sourcecode.swift; path = DuelUITests.swift; sourceTree = "<group>"; };
		105CE23C1E7A4D8C00FF031C /* Info.plist */ = {isa = PBXFileReference; lastKnownFileType = text.plist.xml; path = Info.plist; sourceTree = "<group>"; };
		105CE2481E7A54E000FF031C /* ViewController.swift */ = {isa = PBXFileReference; fileEncoding = 4; lastKnownFileType = sourcecode.swift; path = ViewController.swift; sourceTree = "<group>"; };
		105CE24A1E7A54ED00FF031C /* DuelViewController.swift */ = {isa = PBXFileReference; fileEncoding = 4; lastKnownFileType = sourcecode.swift; path = DuelViewController.swift; sourceTree = "<group>"; };
		105CE24C1E7A552000FF031C /* unownstudioslogo.png */ = {isa = PBXFileReference; lastKnownFileType = image.png; path = unownstudioslogo.png; sourceTree = "<group>"; };
		105CE24E1E7FA16900FF031C /* FindDuelViewController.swift */ = {isa = PBXFileReference; fileEncoding = 4; lastKnownFileType = sourcecode.swift; path = FindDuelViewController.swift; sourceTree = "<group>"; };
		106A22E31E8175F800AB93E8 /* MPCManager.swift */ = {isa = PBXFileReference; fileEncoding = 4; lastKnownFileType = sourcecode.swift; path = MPCManager.swift; sourceTree = "<group>"; };
		10A4FF0D1ECBFC5600E2594E /* GoogleMobileAds.framework */ = {isa = PBXFileReference; lastKnownFileType = wrapper.framework; name = GoogleMobileAds.framework; path = DuelUITests/GoogleMobileAds.framework; sourceTree = "<group>"; };
		10A4FF0F1ECBFC8100E2594E /* GoogleService-Info.plist */ = {isa = PBXFileReference; fileEncoding = 4; lastKnownFileType = text.plist.xml; name = "GoogleService-Info.plist"; path = "../GoogleService-Info.plist"; sourceTree = "<group>"; };
/* End PBXFileReference section */

/* Begin PBXFrameworksBuildPhase section */
		105CE20E1E7A4D8B00FF031C /* Frameworks */ = {
			isa = PBXFrameworksBuildPhase;
			buildActionMask = 2147483647;
			files = (
				10A4FF0E1ECBFC5600E2594E /* GoogleMobileAds.framework in Frameworks */,
			);
			runOnlyForDeploymentPostprocessing = 0;
		};
		105CE2281E7A4D8C00FF031C /* Frameworks */ = {
			isa = PBXFrameworksBuildPhase;
			buildActionMask = 2147483647;
			files = (
			);
			runOnlyForDeploymentPostprocessing = 0;
		};
		105CE2331E7A4D8C00FF031C /* Frameworks */ = {
			isa = PBXFrameworksBuildPhase;
			buildActionMask = 2147483647;
			files = (
			);
			runOnlyForDeploymentPostprocessing = 0;
		};
/* End PBXFrameworksBuildPhase section */

/* Begin PBXGroup section */
		1044B3751E82D89F00918F38 /* SquareUpIcon */ = {
			isa = PBXGroup;
			children = (
				1044B3841E82D89F00918F38 /* imessenger */,
				1044B3911E82D89F00918F38 /* ios */,
			);
			path = SquareUpIcon;
			sourceTree = "<group>";
		};
		1044B3841E82D89F00918F38 /* imessenger */ = {
			isa = PBXGroup;
			children = (
				1044B3851E82D89F00918F38 /* icon-messages-app-27x20@1x.png */,
				1044B3861E82D89F00918F38 /* icon-messages-app-27x20@2x.png */,
				1044B3871E82D89F00918F38 /* icon-messages-app-27x20@3x.png */,
				1044B3881E82D89F00918F38 /* icon-messages-app-iPadAir-67x50@2x.png */,
				1044B3891E82D89F00918F38 /* icon-messages-app-iPadAir-74x55@2x.png */,
				1044B38A1E82D89F00918F38 /* icon-messages-app-iPhone-60x45@1x.png */,
				1044B38B1E82D89F00918F38 /* icon-messages-app-iPhone-60x45@2x.png */,
				1044B38C1E82D89F00918F38 /* icon-messages-app-iPhone-60x45@3x.png */,
				1044B38D1E82D89F00918F38 /* icon-messages-app-store-1024x768.png */,
				1044B38E1E82D89F00918F38 /* icon-messages-transcript-32x24@1x.png */,
				1044B38F1E82D89F00918F38 /* icon-messages-transcript-32x24@2x.png */,
				1044B3901E82D89F00918F38 /* icon-messages-transcript-32x24@3x.png */,
			);
			path = imessenger;
			sourceTree = "<group>";
		};
		1044B3911E82D89F00918F38 /* ios */ = {
			isa = PBXGroup;
			children = (
				1044B3921E82D89F00918F38 /* AppIcon.appiconset */,
				1044B3AA1E82D89F00918F38 /* iTunesArtwork@1x.png */,
				1044B3AB1E82D89F00918F38 /* iTunesArtwork@2x.png */,
				1044B3AC1E82D89F00918F38 /* iTunesArtwork@3x.png */,
				1044B3AD1E82D89F00918F38 /* README.md */,
			);
			path = ios;
			sourceTree = "<group>";
		};
		1044B3921E82D89F00918F38 /* AppIcon.appiconset */ = {
			isa = PBXGroup;
			children = (
				1044B3931E82D89F00918F38 /* Contents.json */,
				1044B3941E82D89F00918F38 /* Icon-App-20x20@1x.png */,
				1044B3951E82D89F00918F38 /* Icon-App-20x20@2x.png */,
				1044B3961E82D89F00918F38 /* Icon-App-20x20@3x.png */,
				1044B3971E82D89F00918F38 /* Icon-App-29x29@1x.png */,
				1044B3981E82D89F00918F38 /* Icon-App-29x29@2x.png */,
				1044B3991E82D89F00918F38 /* Icon-App-29x29@3x.png */,
				1044B39A1E82D89F00918F38 /* Icon-App-40x40@1x.png */,
				1044B39B1E82D89F00918F38 /* Icon-App-40x40@2x.png */,
				1044B39C1E82D89F00918F38 /* Icon-App-40x40@3x.png */,
				1044B39D1E82D89F00918F38 /* Icon-App-57x57@1x.png */,
				1044B39E1E82D89F00918F38 /* Icon-App-57x57@2x.png */,
				1044B39F1E82D89F00918F38 /* Icon-App-60x60@1x.png */,
				1044B3A01E82D89F00918F38 /* Icon-App-60x60@2x.png */,
				1044B3A11E82D89F00918F38 /* Icon-App-60x60@3x.png */,
				1044B3A21E82D89F00918F38 /* Icon-App-72x72@1x.png */,
				1044B3A31E82D89F00918F38 /* Icon-App-72x72@2x.png */,
				1044B3A41E82D89F00918F38 /* Icon-App-76x76@1x.png */,
				1044B3A51E82D89F00918F38 /* Icon-App-76x76@2x.png */,
				1044B3A61E82D89F00918F38 /* Icon-App-76x76@3x.png */,
				1044B3A71E82D89F00918F38 /* Icon-App-83.5x83.5@2x.png */,
				1044B3A81E82D89F00918F38 /* Icon-Small-50x50@1x.png */,
				1044B3A91E82D89F00918F38 /* Icon-Small-50x50@2x.png */,
			);
			path = AppIcon.appiconset;
			sourceTree = "<group>";
		};
		105CE2081E7A4D8B00FF031C = {
			isa = PBXGroup;
			children = (
				105CE2131E7A4D8B00FF031C /* Duel */,
				105CE22E1E7A4D8C00FF031C /* DuelTests */,
				105CE2391E7A4D8C00FF031C /* DuelUITests */,
				105CE24C1E7A552000FF031C /* unownstudioslogo.png */,
				100797E71EC41B66003491A8 /* trophy.png */,
				100797E91EC41BC0003491A8 /* arrows.png */,
				100132371E8C7AC600CB2B81 /* bgm.mp3 */,
				1010A3011EB0E97A00DECEED /* Draw.mp3 */,
				1001323B1E90CF9F00CB2B81 /* shot.mp3 */,
				103242BE1ED3FF0600299726 /* twitterShare.png */,
				1044B3DD1E834FCC00918F38 /* FindDuelButton.png */,
				10A4FF0D1ECBFC5600E2594E /* GoogleMobileAds.framework */,
				1044B3751E82D89F00918F38 /* SquareUpIcon */,
				105CE2121E7A4D8B00FF031C /* Products */,
			);
			sourceTree = "<group>";
		};
		105CE2121E7A4D8B00FF031C /* Products */ = {
			isa = PBXGroup;
			children = (
				105CE2111E7A4D8B00FF031C /* Square Up.app */,
				105CE22B1E7A4D8C00FF031C /* Square UpTests.xctest */,
				105CE2361E7A4D8C00FF031C /* Square UpUITests.xctest */,
			);
			name = Products;
			sourceTree = "<group>";
		};
		105CE2131E7A4D8B00FF031C /* Duel */ = {
			isa = PBXGroup;
			children = (
				105CE2141E7A4D8B00FF031C /* AppDelegate.swift */,
				106A22E31E8175F800AB93E8 /* MPCManager.swift */,
				105CE2481E7A54E000FF031C /* ViewController.swift */,
				105CE24E1E7FA16900FF031C /* FindDuelViewController.swift */,
				105CE24A1E7A54ED00FF031C /* DuelViewController.swift */,
				105CE21E1E7A4D8C00FF031C /* Main.storyboard */,
				105CE2211E7A4D8C00FF031C /* Assets.xcassets */,
				105CE2231E7A4D8C00FF031C /* LaunchScreen.storyboard */,
				1044B3DC1E834CF200918F38 /* Saddlebag.ttf */,
				105CE2261E7A4D8C00FF031C /* Info.plist */,
				10A4FF0F1ECBFC8100E2594E /* GoogleService-Info.plist */,
			);
			path = Duel;
			sourceTree = "<group>";
		};
		105CE22E1E7A4D8C00FF031C /* DuelTests */ = {
			isa = PBXGroup;
			children = (
				105CE22F1E7A4D8C00FF031C /* DuelTests.swift */,
				105CE2311E7A4D8C00FF031C /* Info.plist */,
			);
			path = DuelTests;
			sourceTree = "<group>";
		};
		105CE2391E7A4D8C00FF031C /* DuelUITests */ = {
			isa = PBXGroup;
			children = (
				105CE23A1E7A4D8C00FF031C /* DuelUITests.swift */,
				105CE23C1E7A4D8C00FF031C /* Info.plist */,
			);
			path = DuelUITests;
			sourceTree = "<group>";
		};
/* End PBXGroup section */

/* Begin PBXNativeTarget section */
		105CE2101E7A4D8B00FF031C /* Square Up */ = {
			isa = PBXNativeTarget;
			buildConfigurationList = 105CE23F1E7A4D8C00FF031C /* Build configuration list for PBXNativeTarget "Square Up" */;
			buildPhases = (
				105CE20D1E7A4D8B00FF031C /* Sources */,
				105CE20E1E7A4D8B00FF031C /* Frameworks */,
				105CE20F1E7A4D8B00FF031C /* Resources */,
			);
			buildRules = (
			);
			dependencies = (
			);
			name = "Square Up";
			productName = Duel;
			productReference = 105CE2111E7A4D8B00FF031C /* Square Up.app */;
			productType = "com.apple.product-type.application";
		};
		105CE22A1E7A4D8C00FF031C /* Square UpTests */ = {
			isa = PBXNativeTarget;
			buildConfigurationList = 105CE2421E7A4D8C00FF031C /* Build configuration list for PBXNativeTarget "Square UpTests" */;
			buildPhases = (
				105CE2271E7A4D8C00FF031C /* Sources */,
				105CE2281E7A4D8C00FF031C /* Frameworks */,
				105CE2291E7A4D8C00FF031C /* Resources */,
			);
			buildRules = (
			);
			dependencies = (
				105CE22D1E7A4D8C00FF031C /* PBXTargetDependency */,
			);
			name = "Square UpTests";
			productName = DuelTests;
			productReference = 105CE22B1E7A4D8C00FF031C /* Square UpTests.xctest */;
			productType = "com.apple.product-type.bundle.unit-test";
		};
		105CE2351E7A4D8C00FF031C /* Square UpUITests */ = {
			isa = PBXNativeTarget;
			buildConfigurationList = 105CE2451E7A4D8C00FF031C /* Build configuration list for PBXNativeTarget "Square UpUITests" */;
			buildPhases = (
				105CE2321E7A4D8C00FF031C /* Sources */,
				105CE2331E7A4D8C00FF031C /* Frameworks */,
				105CE2341E7A4D8C00FF031C /* Resources */,
			);
			buildRules = (
			);
			dependencies = (
				105CE2381E7A4D8C00FF031C /* PBXTargetDependency */,
			);
			name = "Square UpUITests";
			productName = DuelUITests;
			productReference = 105CE2361E7A4D8C00FF031C /* Square UpUITests.xctest */;
			productType = "com.apple.product-type.bundle.ui-testing";
		};
/* End PBXNativeTarget section */

/* Begin PBXProject section */
		105CE2091E7A4D8B00FF031C /* Project object */ = {
			isa = PBXProject;
			attributes = {
				LastSwiftUpdateCheck = 0820;
				LastUpgradeCheck = 0820;
				ORGANIZATIONNAME = "Unown Studios";
				TargetAttributes = {
					105CE2101E7A4D8B00FF031C = {
						CreatedOnToolsVersion = 8.2.1;
						DevelopmentTeam = SS74D43GDA;
						ProvisioningStyle = Automatic;
					};
					105CE22A1E7A4D8C00FF031C = {
						CreatedOnToolsVersion = 8.2.1;
						DevelopmentTeam = SS74D43GDA;
						ProvisioningStyle = Automatic;
						TestTargetID = 105CE2101E7A4D8B00FF031C;
					};
					105CE2351E7A4D8C00FF031C = {
						CreatedOnToolsVersion = 8.2.1;
						DevelopmentTeam = SS74D43GDA;
						ProvisioningStyle = Automatic;
						TestTargetID = 105CE2101E7A4D8B00FF031C;
					};
				};
			};
			buildConfigurationList = 105CE20C1E7A4D8B00FF031C /* Build configuration list for PBXProject "Square Up" */;
			compatibilityVersion = "Xcode 3.2";
			developmentRegion = English;
			hasScannedForEncodings = 0;
			knownRegions = (
				en,
				Base,
			);
			mainGroup = 105CE2081E7A4D8B00FF031C;
			productRefGroup = 105CE2121E7A4D8B00FF031C /* Products */;
			projectDirPath = "";
			projectRoot = "";
			targets = (
				105CE2101E7A4D8B00FF031C /* Square Up */,
				105CE22A1E7A4D8C00FF031C /* Square UpTests */,
				105CE2351E7A4D8C00FF031C /* Square UpUITests */,
			);
		};
/* End PBXProject section */

/* Begin PBXResourcesBuildPhase section */
		105CE20F1E7A4D8B00FF031C /* Resources */ = {
			isa = PBXResourcesBuildPhase;
			buildActionMask = 2147483647;
			files = (
				1044B3DF1E83519400918F38 /* Saddlebag.ttf in Resources */,
				1044B3B91E82D89F00918F38 /* icon-messages-app-iPadAir-74x55@2x.png in Resources */,
				105CE2201E7A4D8C00FF031C /* Main.storyboard in Resources */,
				1044B3BB1E82D89F00918F38 /* icon-messages-app-iPhone-60x45@2x.png in Resources */,
				1044B3CA1E82D89F00918F38 /* Icon-App-40x40@3x.png in Resources */,
				1044B3C31E82D89F00918F38 /* Icon-App-20x20@2x.png in Resources */,
				1044B3C71E82D89F00918F38 /* Icon-App-29x29@3x.png in Resources */,
				1044B3CC1E82D89F00918F38 /* Icon-App-57x57@2x.png in Resources */,
				1044B3D21E82D89F00918F38 /* Icon-App-76x76@1x.png in Resources */,
				1044B3BA1E82D89F00918F38 /* icon-messages-app-iPhone-60x45@1x.png in Resources */,
				1044B3D51E82D89F00918F38 /* Icon-App-83.5x83.5@2x.png in Resources */,
				1044B3CD1E82D89F00918F38 /* Icon-App-60x60@1x.png in Resources */,
				1044B3C51E82D89F00918F38 /* Icon-App-29x29@1x.png in Resources */,
				1044B3BD1E82D89F00918F38 /* icon-messages-app-store-1024x768.png in Resources */,
				100132381E8C7AC600CB2B81 /* bgm.mp3 in Resources */,
				1044B3DA1E82D89F00918F38 /* iTunesArtwork@3x.png in Resources */,
				105CE2221E7A4D8C00FF031C /* Assets.xcassets in Resources */,
				100797EA1EC41BC0003491A8 /* arrows.png in Resources */,
				1044B3D81E82D89F00918F38 /* iTunesArtwork@1x.png in Resources */,
				1044B3C21E82D89F00918F38 /* Icon-App-20x20@1x.png in Resources */,
				100797E81EC41B66003491A8 /* trophy.png in Resources */,
				1044B3D91E82D89F00918F38 /* iTunesArtwork@2x.png in Resources */,
				105CE24D1E7A552000FF031C /* unownstudioslogo.png in Resources */,
				1044B3DE1E834FCC00918F38 /* FindDuelButton.png in Resources */,
				1044B3BC1E82D89F00918F38 /* icon-messages-app-iPhone-60x45@3x.png in Resources */,
				1044B3C11E82D89F00918F38 /* Contents.json in Resources */,
				1044B3BF1E82D89F00918F38 /* icon-messages-transcript-32x24@2x.png in Resources */,
				10A4FF101ECBFC8100E2594E /* GoogleService-Info.plist in Resources */,
				1044B3B81E82D89F00918F38 /* icon-messages-app-iPadAir-67x50@2x.png in Resources */,
				105CE2251E7A4D8C00FF031C /* LaunchScreen.storyboard in Resources */,
				1044B3C61E82D89F00918F38 /* Icon-App-29x29@2x.png in Resources */,
				1044B3B71E82D89F00918F38 /* icon-messages-app-27x20@3x.png in Resources */,
				1044B3D01E82D89F00918F38 /* Icon-App-72x72@1x.png in Resources */,
				1044B3C91E82D89F00918F38 /* Icon-App-40x40@2x.png in Resources */,
				1044B3CF1E82D89F00918F38 /* Icon-App-60x60@3x.png in Resources */,
				1044B3C01E82D89F00918F38 /* icon-messages-transcript-32x24@3x.png in Resources */,
				1010A3021EB0E97A00DECEED /* Draw.mp3 in Resources */,
				1044B3B51E82D89F00918F38 /* icon-messages-app-27x20@1x.png in Resources */,
				1044B3D11E82D89F00918F38 /* Icon-App-72x72@2x.png in Resources */,
				103242BF1ED3FF0600299726 /* twitterShare.png in Resources */,
				1044B3C41E82D89F00918F38 /* Icon-App-20x20@3x.png in Resources */,
				1044B3D71E82D89F00918F38 /* Icon-Small-50x50@2x.png in Resources */,
				1044B3CB1E82D89F00918F38 /* Icon-App-57x57@1x.png in Resources */,
				1044B3BE1E82D89F00918F38 /* icon-messages-transcript-32x24@1x.png in Resources */,
				1044B3D41E82D89F00918F38 /* Icon-App-76x76@3x.png in Resources */,
				1044B3D61E82D89F00918F38 /* Icon-Small-50x50@1x.png in Resources */,
				1044B3D31E82D89F00918F38 /* Icon-App-76x76@2x.png in Resources */,
				1044B3CE1E82D89F00918F38 /* Icon-App-60x60@2x.png in Resources */,
				1044B3B61E82D89F00918F38 /* icon-messages-app-27x20@2x.png in Resources */,
				1001323C1E90CF9F00CB2B81 /* shot.mp3 in Resources */,
				1044B3C81E82D89F00918F38 /* Icon-App-40x40@1x.png in Resources */,
			);
			runOnlyForDeploymentPostprocessing = 0;
		};
		105CE2291E7A4D8C00FF031C /* Resources */ = {
			isa = PBXResourcesBuildPhase;
			buildActionMask = 2147483647;
			files = (
			);
			runOnlyForDeploymentPostprocessing = 0;
		};
		105CE2341E7A4D8C00FF031C /* Resources */ = {
			isa = PBXResourcesBuildPhase;
			buildActionMask = 2147483647;
			files = (
			);
			runOnlyForDeploymentPostprocessing = 0;
		};
/* End PBXResourcesBuildPhase section */

/* Begin PBXSourcesBuildPhase section */
		105CE20D1E7A4D8B00FF031C /* Sources */ = {
			isa = PBXSourcesBuildPhase;
			buildActionMask = 2147483647;
			files = (
				1044B3DB1E82D89F00918F38 /* README.md in Sources */,
				105CE2491E7A54E000FF031C /* ViewController.swift in Sources */,
				105CE24F1E7FA16900FF031C /* FindDuelViewController.swift in Sources */,
				106A22E41E8175F800AB93E8 /* MPCManager.swift in Sources */,
				105CE24B1E7A54ED00FF031C /* DuelViewController.swift in Sources */,
				105CE2151E7A4D8B00FF031C /* AppDelegate.swift in Sources */,
			);
			runOnlyForDeploymentPostprocessing = 0;
		};
		105CE2271E7A4D8C00FF031C /* Sources */ = {
			isa = PBXSourcesBuildPhase;
			buildActionMask = 2147483647;
			files = (
				105CE2301E7A4D8C00FF031C /* DuelTests.swift in Sources */,
			);
			runOnlyForDeploymentPostprocessing = 0;
		};
		105CE2321E7A4D8C00FF031C /* Sources */ = {
			isa = PBXSourcesBuildPhase;
			buildActionMask = 2147483647;
			files = (
				105CE23B1E7A4D8C00FF031C /* DuelUITests.swift in Sources */,
			);
			runOnlyForDeploymentPostprocessing = 0;
		};
/* End PBXSourcesBuildPhase section */

/* Begin PBXTargetDependency section */
		105CE22D1E7A4D8C00FF031C /* PBXTargetDependency */ = {
			isa = PBXTargetDependency;
			target = 105CE2101E7A4D8B00FF031C /* Square Up */;
			targetProxy = 105CE22C1E7A4D8C00FF031C /* PBXContainerItemProxy */;
		};
		105CE2381E7A4D8C00FF031C /* PBXTargetDependency */ = {
			isa = PBXTargetDependency;
			target = 105CE2101E7A4D8B00FF031C /* Square Up */;
			targetProxy = 105CE2371E7A4D8C00FF031C /* PBXContainerItemProxy */;
		};
/* End PBXTargetDependency section */

/* Begin PBXVariantGroup section */
		105CE21E1E7A4D8C00FF031C /* Main.storyboard */ = {
			isa = PBXVariantGroup;
			children = (
				105CE21F1E7A4D8C00FF031C /* Base */,
			);
			name = Main.storyboard;
			sourceTree = "<group>";
		};
		105CE2231E7A4D8C00FF031C /* LaunchScreen.storyboard */ = {
			isa = PBXVariantGroup;
			children = (
				105CE2241E7A4D8C00FF031C /* Base */,
			);
			name = LaunchScreen.storyboard;
			sourceTree = "<group>";
		};
/* End PBXVariantGroup section */

/* Begin XCBuildConfiguration section */
		105CE23D1E7A4D8C00FF031C /* Debug */ = {
			isa = XCBuildConfiguration;
			buildSettings = {
				ALWAYS_SEARCH_USER_PATHS = NO;
				CLANG_ANALYZER_NONNULL = YES;
				CLANG_CXX_LANGUAGE_STANDARD = "gnu++0x";
				CLANG_CXX_LIBRARY = "libc++";
				CLANG_ENABLE_MODULES = YES;
				CLANG_ENABLE_OBJC_ARC = YES;
				CLANG_WARN_BOOL_CONVERSION = YES;
				CLANG_WARN_CONSTANT_CONVERSION = YES;
				CLANG_WARN_DIRECT_OBJC_ISA_USAGE = YES_ERROR;
				CLANG_WARN_DOCUMENTATION_COMMENTS = YES;
				CLANG_WARN_EMPTY_BODY = YES;
				CLANG_WARN_ENUM_CONVERSION = YES;
				CLANG_WARN_INFINITE_RECURSION = YES;
				CLANG_WARN_INT_CONVERSION = YES;
				CLANG_WARN_OBJC_ROOT_CLASS = YES_ERROR;
				CLANG_WARN_SUSPICIOUS_MOVE = YES;
				CLANG_WARN_UNREACHABLE_CODE = YES;
				CLANG_WARN__DUPLICATE_METHOD_MATCH = YES;
				"CODE_SIGN_IDENTITY[sdk=iphoneos*]" = "iPhone Developer";
				COPY_PHASE_STRIP = NO;
				DEBUG_INFORMATION_FORMAT = dwarf;
				ENABLE_STRICT_OBJC_MSGSEND = YES;
				ENABLE_TESTABILITY = YES;
				GCC_C_LANGUAGE_STANDARD = gnu99;
				GCC_DYNAMIC_NO_PIC = NO;
				GCC_NO_COMMON_BLOCKS = YES;
				GCC_OPTIMIZATION_LEVEL = 0;
				GCC_PREPROCESSOR_DEFINITIONS = (
					"DEBUG=1",
					"$(inherited)",
				);
				GCC_WARN_64_TO_32_BIT_CONVERSION = YES;
				GCC_WARN_ABOUT_RETURN_TYPE = YES_ERROR;
				GCC_WARN_UNDECLARED_SELECTOR = YES;
				GCC_WARN_UNINITIALIZED_AUTOS = YES_AGGRESSIVE;
				GCC_WARN_UNUSED_FUNCTION = YES;
				GCC_WARN_UNUSED_VARIABLE = YES;
				IPHONEOS_DEPLOYMENT_TARGET = 10.2;
				MTL_ENABLE_DEBUG_INFO = YES;
				ONLY_ACTIVE_ARCH = YES;
				SDKROOT = iphoneos;
				SWIFT_ACTIVE_COMPILATION_CONDITIONS = DEBUG;
				SWIFT_OPTIMIZATION_LEVEL = "-Onone";
			};
			name = Debug;
		};
		105CE23E1E7A4D8C00FF031C /* Release */ = {
			isa = XCBuildConfiguration;
			buildSettings = {
				ALWAYS_SEARCH_USER_PATHS = NO;
				CLANG_ANALYZER_NONNULL = YES;
				CLANG_CXX_LANGUAGE_STANDARD = "gnu++0x";
				CLANG_CXX_LIBRARY = "libc++";
				CLANG_ENABLE_MODULES = YES;
				CLANG_ENABLE_OBJC_ARC = YES;
				CLANG_WARN_BOOL_CONVERSION = YES;
				CLANG_WARN_CONSTANT_CONVERSION = YES;
				CLANG_WARN_DIRECT_OBJC_ISA_USAGE = YES_ERROR;
				CLANG_WARN_DOCUMENTATION_COMMENTS = YES;
				CLANG_WARN_EMPTY_BODY = YES;
				CLANG_WARN_ENUM_CONVERSION = YES;
				CLANG_WARN_INFINITE_RECURSION = YES;
				CLANG_WARN_INT_CONVERSION = YES;
				CLANG_WARN_OBJC_ROOT_CLASS = YES_ERROR;
				CLANG_WARN_SUSPICIOUS_MOVE = YES;
				CLANG_WARN_UNREACHABLE_CODE = YES;
				CLANG_WARN__DUPLICATE_METHOD_MATCH = YES;
				"CODE_SIGN_IDENTITY[sdk=iphoneos*]" = "iPhone Developer";
				COPY_PHASE_STRIP = NO;
				DEBUG_INFORMATION_FORMAT = "dwarf-with-dsym";
				ENABLE_NS_ASSERTIONS = NO;
				ENABLE_STRICT_OBJC_MSGSEND = YES;
				GCC_C_LANGUAGE_STANDARD = gnu99;
				GCC_NO_COMMON_BLOCKS = YES;
				GCC_WARN_64_TO_32_BIT_CONVERSION = YES;
				GCC_WARN_ABOUT_RETURN_TYPE = YES_ERROR;
				GCC_WARN_UNDECLARED_SELECTOR = YES;
				GCC_WARN_UNINITIALIZED_AUTOS = YES_AGGRESSIVE;
				GCC_WARN_UNUSED_FUNCTION = YES;
				GCC_WARN_UNUSED_VARIABLE = YES;
				IPHONEOS_DEPLOYMENT_TARGET = 10.2;
				MTL_ENABLE_DEBUG_INFO = NO;
				SDKROOT = iphoneos;
				SWIFT_OPTIMIZATION_LEVEL = "-Owholemodule";
				VALIDATE_PRODUCT = YES;
			};
			name = Release;
		};
		105CE2401E7A4D8C00FF031C /* Debug */ = {
			isa = XCBuildConfiguration;
			buildSettings = {
				ASSETCATALOG_COMPILER_APPICON_NAME = AppIcon;
				DEVELOPMENT_TEAM = SS74D43GDA;
				FRAMEWORK_SEARCH_PATHS = (
					"$(inherited)",
					"$(PROJECT_DIR)/DuelUITests",
				);
				INFOPLIST_FILE = Duel/Info.plist;
				IPHONEOS_DEPLOYMENT_TARGET = 10.2;
				LD_RUNPATH_SEARCH_PATHS = "$(inherited) @executable_path/Frameworks";
				PRODUCT_BUNDLE_IDENTIFIER = "Unown-Studios.Square-Up";
				PRODUCT_NAME = "$(TARGET_NAME)";
				SWIFT_VERSION = 3.0;
			};
			name = Debug;
		};
		105CE2411E7A4D8C00FF031C /* Release */ = {
			isa = XCBuildConfiguration;
			buildSettings = {
				ASSETCATALOG_COMPILER_APPICON_NAME = AppIcon;
				DEVELOPMENT_TEAM = SS74D43GDA;
				FRAMEWORK_SEARCH_PATHS = (
					"$(inherited)",
					"$(PROJECT_DIR)/DuelUITests",
				);
				INFOPLIST_FILE = Duel/Info.plist;
				IPHONEOS_DEPLOYMENT_TARGET = 10.2;
				LD_RUNPATH_SEARCH_PATHS = "$(inherited) @executable_path/Frameworks";
				PRODUCT_BUNDLE_IDENTIFIER = "Unown-Studios.Square-Up";
				PRODUCT_NAME = "$(TARGET_NAME)";
				SWIFT_VERSION = 3.0;
			};
			name = Release;
		};
		105CE2431E7A4D8C00FF031C /* Debug */ = {
			isa = XCBuildConfiguration;
			buildSettings = {
				ALWAYS_EMBED_SWIFT_STANDARD_LIBRARIES = YES;
				BUNDLE_LOADER = "$(TEST_HOST)";
				DEVELOPMENT_TEAM = SS74D43GDA;
				INFOPLIST_FILE = DuelTests/Info.plist;
				LD_RUNPATH_SEARCH_PATHS = "$(inherited) @executable_path/Frameworks @loader_path/Frameworks";
				PRODUCT_BUNDLE_IDENTIFIER = "Unown-Studios.DuelTests";
				PRODUCT_NAME = "$(TARGET_NAME)";
				SWIFT_VERSION = 3.0;
				TEST_HOST = "$(BUILT_PRODUCTS_DIR)/Square Up.app/Square Up";
			};
			name = Debug;
		};
		105CE2441E7A4D8C00FF031C /* Release */ = {
			isa = XCBuildConfiguration;
			buildSettings = {
				ALWAYS_EMBED_SWIFT_STANDARD_LIBRARIES = YES;
				BUNDLE_LOADER = "$(TEST_HOST)";
				DEVELOPMENT_TEAM = SS74D43GDA;
				INFOPLIST_FILE = DuelTests/Info.plist;
				LD_RUNPATH_SEARCH_PATHS = "$(inherited) @executable_path/Frameworks @loader_path/Frameworks";
				PRODUCT_BUNDLE_IDENTIFIER = "Unown-Studios.DuelTests";
				PRODUCT_NAME = "$(TARGET_NAME)";
				SWIFT_VERSION = 3.0;
				TEST_HOST = "$(BUILT_PRODUCTS_DIR)/Square Up.app/Square Up";
			};
			name = Release;
		};
		105CE2461E7A4D8C00FF031C /* Debug */ = {
			isa = XCBuildConfiguration;
			buildSettings = {
				ALWAYS_EMBED_SWIFT_STANDARD_LIBRARIES = YES;
				DEVELOPMENT_TEAM = SS74D43GDA;
				INFOPLIST_FILE = DuelUITests/Info.plist;
				LD_RUNPATH_SEARCH_PATHS = "$(inherited) @executable_path/Frameworks @loader_path/Frameworks";
				PRODUCT_BUNDLE_IDENTIFIER = "Unown-Studios.DuelUITests";
				PRODUCT_NAME = "$(TARGET_NAME)";
				SWIFT_VERSION = 3.0;
				TEST_TARGET_NAME = Duel;
			};
			name = Debug;
		};
		105CE2471E7A4D8C00FF031C /* Release */ = {
			isa = XCBuildConfiguration;
			buildSettings = {
				ALWAYS_EMBED_SWIFT_STANDARD_LIBRARIES = YES;
				DEVELOPMENT_TEAM = SS74D43GDA;
				INFOPLIST_FILE = DuelUITests/Info.plist;
				LD_RUNPATH_SEARCH_PATHS = "$(inherited) @executable_path/Frameworks @loader_path/Frameworks";
				PRODUCT_BUNDLE_IDENTIFIER = "Unown-Studios.DuelUITests";
				PRODUCT_NAME = "$(TARGET_NAME)";
				SWIFT_VERSION = 3.0;
				TEST_TARGET_NAME = Duel;
			};
			name = Release;
		};
/* End XCBuildConfiguration section */

/* Begin XCConfigurationList section */
		105CE20C1E7A4D8B00FF031C /* Build configuration list for PBXProject "Square Up" */ = {
			isa = XCConfigurationList;
			buildConfigurations = (
				105CE23D1E7A4D8C00FF031C /* Debug */,
				105CE23E1E7A4D8C00FF031C /* Release */,
			);
			defaultConfigurationIsVisible = 0;
			defaultConfigurationName = Release;
		};
		105CE23F1E7A4D8C00FF031C /* Build configuration list for PBXNativeTarget "Square Up" */ = {
			isa = XCConfigurationList;
			buildConfigurations = (
				105CE2401E7A4D8C00FF031C /* Debug */,
				105CE2411E7A4D8C00FF031C /* Release */,
			);
			defaultConfigurationIsVisible = 0;
			defaultConfigurationName = Release;
		};
		105CE2421E7A4D8C00FF031C /* Build configuration list for PBXNativeTarget "Square UpTests" */ = {
			isa = XCConfigurationList;
			buildConfigurations = (
				105CE2431E7A4D8C00FF031C /* Debug */,
				105CE2441E7A4D8C00FF031C /* Release */,
			);
			defaultConfigurationIsVisible = 0;
			defaultConfigurationName = Release;
		};
		105CE2451E7A4D8C00FF031C /* Build configuration list for PBXNativeTarget "Square UpUITests" */ = {
			isa = XCConfigurationList;
			buildConfigurations = (
				105CE2461E7A4D8C00FF031C /* Debug */,
				105CE2471E7A4D8C00FF031C /* Release */,
			);
			defaultConfigurationIsVisible = 0;
			defaultConfigurationName = Release;
		};
/* End XCConfigurationList section */
	};
	rootObject = 105CE2091E7A4D8B00FF031C /* Project object */;
}
